
Microsoft Visual Studio Solution File, Format Version 12.00
# Visual Studio Version 16
VisualStudioVersion = 16.0.30413.136
MinimumVisualStudioVersion = 10.0.40219.1
Project("{FAE04EC0-301F-11D3-BF4B-00C04F79EFBC}") = "MVCAssignment1", "MVCAssingment1\MVCAssignment1.csproj", "{BF2B4ABC-A354-4B48-9C04-E8F8BE31B3A2}"
EndProject
Global
	GlobalSection(SolutionConfigurationPlatforms) = preSolution
		Debug|Any CPU = Debug|Any CPU
		Release|Any CPU = Release|Any CPU
	EndGlobalSection
	GlobalSection(ProjectConfigurationPlatforms) = postSolution
		{BF2B4ABC-A354-4B48-9C04-E8F8BE31B3A2}.Debug|Any CPU.ActiveCfg = Debug|Any CPU
		{BF2B4ABC-A354-4B48-9C04-E8F8BE31B3A2}.Debug|Any CPU.Build.0 = Debug|Any CPU
		{BF2B4ABC-A354-4B48-9C04-E8F8BE31B3A2}.Release|Any CPU.ActiveCfg = Release|Any CPU
		{BF2B4ABC-A354-4B48-9C04-E8F8BE31B3A2}.Release|Any CPU.Build.0 = Release|Any CPU
	EndGlobalSection
	GlobalSection(SolutionProperties) = preSolution
		HideSolutionNode = FALSE
	EndGlobalSection
	GlobalSection(ExtensibilityGlobals) = postSolution
		SolutionGuid = {4F5A6343-75BC-46ED-B4D6-A155B682E41E}
	EndGlobalSection
EndGlobal
